# This file is automatically @generated by Cargo.
# It is not intended for manual editing.
version = 3

[[package]]
name = "kanban-min-api"
version = "0.1.0"

[[package]]
name = "kanban-min-desk"
version = "0.1.0"
dependencies = [
 "kanban-min-api",
]

[[package]]
name = "kanban-min-term"
version = "0.1.0"
dependencies = [
 "kanban-min-api",
]
